
Microsoft Visual Studio Solution File, Format Version 12.00
# Visual Studio Version 17
VisualStudioVersion = 17.0.31903.59
MinimumVisualStudioVersion = 10.0.40219.1
Project("{2150E333-8FDC-42A3-9474-1A3956D46DE8}") = "server", "server", "{DAD03CFC-D5FA-AC94-41C7-9ABAB326F09E}"
EndProject
Project("{FAE04EC0-301F-11D3-BF4B-00C04F79EFBC}") = "api", "server\api\api.csproj", "{C09F0AFC-6845-47F3-8720-9B5004763F15}"
EndProject
Project("{FAE04EC0-301F-11D3-BF4B-00C04F79EFBC}") = "tests", "server\tests\tests.csproj", "{B4D585D9-E797-410C-A410-095F78FABA0D}"
EndProject
Project("{FAE04EC0-301F-11D3-BF4B-00C04F79EFBC}") = "dataaccess", "server\dataaccess\dataaccess.csproj", "{06078F52-25CF-4970-9901-60EF3472DE67}"
EndProject
Global
	GlobalSection(SolutionConfigurationPlatforms) = preSolution
		Debug|Any CPU = Debug|Any CPU
		Debug|x64 = Debug|x64
		Debug|x86 = Debug|x86
		Release|Any CPU = Release|Any CPU
		Release|x64 = Release|x64
		Release|x86 = Release|x86
	EndGlobalSection
	GlobalSection(ProjectConfigurationPlatforms) = postSolution
		{C09F0AFC-6845-47F3-8720-9B5004763F15}.Debug|Any CPU.ActiveCfg = Debug|Any CPU
		{C09F0AFC-6845-47F3-8720-9B5004763F15}.Debug|Any CPU.Build.0 = Debug|Any CPU
		{C09F0AFC-6845-47F3-8720-9B5004763F15}.Debug|x64.ActiveCfg = Debug|Any CPU
		{C09F0AFC-6845-47F3-8720-9B5004763F15}.Debug|x64.Build.0 = Debug|Any CPU
		{C09F0AFC-6845-47F3-8720-9B5004763F15}.Debug|x86.ActiveCfg = Debug|Any CPU
		{C09F0AFC-6845-47F3-8720-9B5004763F15}.Debug|x86.Build.0 = Debug|Any CPU
		{C09F0AFC-6845-47F3-8720-9B5004763F15}.Release|Any CPU.ActiveCfg = Release|Any CPU
		{C09F0AFC-6845-47F3-8720-9B5004763F15}.Release|Any CPU.Build.0 = Release|Any CPU
		{C09F0AFC-6845-47F3-8720-9B5004763F15}.Release|x64.ActiveCfg = Release|Any CPU
		{C09F0AFC-6845-47F3-8720-9B5004763F15}.Release|x64.Build.0 = Release|Any CPU
		{C09F0AFC-6845-47F3-8720-9B5004763F15}.Release|x86.ActiveCfg = Release|Any CPU
		{C09F0AFC-6845-47F3-8720-9B5004763F15}.Release|x86.Build.0 = Release|Any CPU
		{B4D585D9-E797-410C-A410-095F78FABA0D}.Debug|Any CPU.ActiveCfg = Debug|Any CPU
		{B4D585D9-E797-410C-A410-095F78FABA0D}.Debug|Any CPU.Build.0 = Debug|Any CPU
		{B4D585D9-E797-410C-A410-095F78FABA0D}.Debug|x64.ActiveCfg = Debug|Any CPU
		{B4D585D9-E797-410C-A410-095F78FABA0D}.Debug|x64.Build.0 = Debug|Any CPU
		{B4D585D9-E797-410C-A410-095F78FABA0D}.Debug|x86.ActiveCfg = Debug|Any CPU
		{B4D585D9-E797-410C-A410-095F78FABA0D}.Debug|x86.Build.0 = Debug|Any CPU
		{B4D585D9-E797-410C-A410-095F78FABA0D}.Release|Any CPU.ActiveCfg = Release|Any CPU
		{B4D585D9-E797-410C-A410-095F78FABA0D}.Release|Any CPU.Build.0 = Release|Any CPU
		{B4D585D9-E797-410C-A410-095F78FABA0D}.Release|x64.ActiveCfg = Release|Any CPU
		{B4D585D9-E797-410C-A410-095F78FABA0D}.Release|x64.Build.0 = Release|Any CPU
		{B4D585D9-E797-410C-A410-095F78FABA0D}.Release|x86.ActiveCfg = Release|Any CPU
		{B4D585D9-E797-410C-A410-095F78FABA0D}.Release|x86.Build.0 = Release|Any CPU
		{06078F52-25CF-4970-9901-60EF3472DE67}.Debug|Any CPU.ActiveCfg = Debug|Any CPU
		{06078F52-25CF-4970-9901-60EF3472DE67}.Debug|Any CPU.Build.0 = Debug|Any CPU
		{06078F52-25CF-4970-9901-60EF3472DE67}.Debug|x64.ActiveCfg = Debug|Any CPU
		{06078F52-25CF-4970-9901-60EF3472DE67}.Debug|x64.Build.0 = Debug|Any CPU
		{06078F52-25CF-4970-9901-60EF3472DE67}.Debug|x86.ActiveCfg = Debug|Any CPU
		{06078F52-25CF-4970-9901-60EF3472DE67}.Debug|x86.Build.0 = Debug|Any CPU
		{06078F52-25CF-4970-9901-60EF3472DE67}.Release|Any CPU.ActiveCfg = Release|Any CPU
		{06078F52-25CF-4970-9901-60EF3472DE67}.Release|Any CPU.Build.0 = Release|Any CPU
		{06078F52-25CF-4970-9901-60EF3472DE67}.Release|x64.ActiveCfg = Release|Any CPU
		{06078F52-25CF-4970-9901-60EF3472DE67}.Release|x64.Build.0 = Release|Any CPU
		{06078F52-25CF-4970-9901-60EF3472DE67}.Release|x86.ActiveCfg = Release|Any CPU
		{06078F52-25CF-4970-9901-60EF3472DE67}.Release|x86.Build.0 = Release|Any CPU
	EndGlobalSection
	GlobalSection(SolutionProperties) = preSolution
		HideSolutionNode = FALSE
	EndGlobalSection
	GlobalSection(NestedProjects) = preSolution
		{C09F0AFC-6845-47F3-8720-9B5004763F15} = {DAD03CFC-D5FA-AC94-41C7-9ABAB326F09E}
		{B4D585D9-E797-410C-A410-095F78FABA0D} = {DAD03CFC-D5FA-AC94-41C7-9ABAB326F09E}
		{06078F52-25CF-4970-9901-60EF3472DE67} = {DAD03CFC-D5FA-AC94-41C7-9ABAB326F09E}
	EndGlobalSection
EndGlobal
